PODS:
  - BMSAnalyticsAPI (2.3.1)
  - BMSCore (2.6.0):
    - BMSAnalyticsAPI (~> 2.3)
  - IBMWatsonAssistantV1 (1.3.1):
    - IBMWatsonRestKit (~> 2.0.0)
  - IBMWatsonRestKit (2.0.0)
  - MessageKit (0.13.5)
  - NVActivityIndicatorView (4.8.0):
    - NVActivityIndicatorView/Presenter (= 4.8.0)
  - NVActivityIndicatorView/Presenter (4.8.0)

DEPENDENCIES:
  - BMSCore (~> 2.0)
  - IBMWatsonAssistantV1 (~> 1.3.1)
  - MessageKit (~> 0.13)
  - NVActivityIndicatorView

SPEC REPOS:
  trunk:
    - BMSAnalyticsAPI
    - BMSCore
    - IBMWatsonAssistantV1
    - IBMWatsonRestKit
    - MessageKit
    - NVActivityIndicatorView

SPEC CHECKSUMS:
  BMSAnalyticsAPI: f9c740eb3c0857c0955e58a10321a96b5d85304e
  BMSCore: 969b124f0170d0113a0926e73118057ca7d1eab3
  IBMWatsonAssistantV1: 84bd8a7bceb4afdb9d1798ed99190a0376e88895
  IBMWatsonRestKit: 0a8d0f2f1cc757a0231729e9206e0b774cda0997
  MessageKit: c4bd50e285a0f0761bc23a2e982aa7840873c4f5
  NVActivityIndicatorView: d24b7ebcf80af5dcd994adb650e2b6c93379270f

PODFILE CHECKSUM: de47774ad2dc5eec5aa54cc5d8ffc65d184ffe34

COCOAPODS: 1.9.1
