// !$*UTF8*$!
{
	archiveVersion = 1;
	classes = {
	};
	objectVersion = 46;
	objects = {

/* Begin PBXBuildFile section */
		07F03D57C6B14F92D50DBFDC /* Pods_iosappUITests.framework in Frameworks */ = {isa = PBXBuildFile; fileRef = 564762CF35AE1CFB6DF240BC /* Pods_iosappUITests.framework */; };
		241CD224886EDAA788E399D6 /* Pods_iosappTests.framework in Frameworks */ = {isa = PBXBuildFile; fileRef = 1408AF5BA38870C07E899EEC /* Pods_iosappTests.framework */; };
		555C91AC1D0F0731003E84E3 /* AppDelegate.swift in Sources */ = {isa = PBXBuildFile; fileRef = 555C91AB1D0F0731003E84E3 /* AppDelegate.swift */; };
		555C91AE1D0F0731003E84E3 /* ViewController.swift in Sources */ = {isa = PBXBuildFile; fileRef = 555C91AD1D0F0731003E84E3 /* ViewController.swift */; };
		555C91B11D0F0731003E84E3 /* Main.storyboard in Resources */ = {isa = PBXBuildFile; fileRef = 555C91AF1D0F0731003E84E3 /* Main.storyboard */; };
		555C91B31D0F0731003E84E3 /* Assets.xcassets in Resources */ = {isa = PBXBuildFile; fileRef = 555C91B21D0F0731003E84E3 /* Assets.xcassets */; };
		555C91C11D0F0731003E84E3 /* iosappTests.swift in Sources */ = {isa = PBXBuildFile; fileRef = 555C91C01D0F0731003E84E3 /* iosappTests.swift */; };
		555C91CC1D0F0731003E84E3 /* iosappUITests.swift in Sources */ = {isa = PBXBuildFile; fileRef = 555C91CB1D0F0731003E84E3 /* iosappUITests.swift */; };
		55EE197E81F94F406AEA62A6 /* Pods_iosapp.framework in Frameworks */ = {isa = PBXBuildFile; fileRef = 89E25BCDA6C035CF3271888F /* Pods_iosapp.framework */; };
		5803AD91205CBE3C00CD3162 /* Default-568h@2x.png in Resources */ = {isa = PBXBuildFile; fileRef = 5803AD90205CBE3C00CD3162 /* Default-568h@2x.png */; };
		5877770D1FF8402B00387021 /* car_training.json in Resources */ = {isa = PBXBuildFile; fileRef = 5877770B1FF8402B00387021 /* car_training.json */; };
		587777161FF8759500387021 /* AssistantMessages.swift in Sources */ = {isa = PBXBuildFile; fileRef = 587777151FF8759400387021 /* AssistantMessages.swift */; };
		B5F2AA72EEE14CE9ABF399D7 /* BMSCredentials.plist in Resources */ = {isa = PBXBuildFile; fileRef = BFD5E760BB764E95BD095FBF /* BMSCredentials.plist */; };
		E3D862A1202B8ECC00B34DE6 /* AssistantError.swift in Sources */ = {isa = PBXBuildFile; fileRef = E3D862A0202B8ECC00B34DE6 /* AssistantError.swift */; };
/* End PBXBuildFile section */

/* Begin PBXContainerItemProxy section */
		555C91BD1D0F0731003E84E3 /* PBXContainerItemProxy */ = {
			isa = PBXContainerItemProxy;
			containerPortal = 555C91A01D0F0731003E84E3 /* Project object */;
			proxyType = 1;
			remoteGlobalIDString = 555C91A71D0F0731003E84E3;
			remoteInfo = MySampleApp;
		};
		555C91C81D0F0731003E84E3 /* PBXContainerItemProxy */ = {
			isa = PBXContainerItemProxy;
			containerPortal = 555C91A01D0F0731003E84E3 /* Project object */;
			proxyType = 1;
			remoteGlobalIDString = 555C91A71D0F0731003E84E3;
			remoteInfo = MySampleApp;
		};
/* End PBXContainerItemProxy section */

/* Begin PBXCopyFilesBuildPhase section */
		58327F27205CC1EF0024465B /* Embed Frameworks */ = {
			isa = PBXCopyFilesBuildPhase;
			buildActionMask = 2147483647;
			dstPath = "";
			dstSubfolderSpec = 10;
			files = (
			);
			name = "Embed Frameworks";
			runOnlyForDeploymentPostprocessing = 0;
		};
/* End PBXCopyFilesBuildPhase section */

/* Begin PBXFileReference section */
		1065AE6E382035A3AFC4529C /* Pods_StarterWatsonConversation.framework */ = {isa = PBXFileReference; explicitFileType = wrapper.framework; includeInIndex = 0; path = Pods_StarterWatsonConversation.framework; sourceTree = BUILT_PRODUCTS_DIR; };
		1408AF5BA38870C07E899EEC /* Pods_iosappTests.framework */ = {isa = PBXFileReference; explicitFileType = wrapper.framework; includeInIndex = 0; path = Pods_iosappTests.framework; sourceTree = BUILT_PRODUCTS_DIR; };
		18FB6B94BD7F5CF6B965945C /* Pods_MySampleAppUITests.framework */ = {isa = PBXFileReference; explicitFileType = wrapper.framework; includeInIndex = 0; path = Pods_MySampleAppUITests.framework; sourceTree = BUILT_PRODUCTS_DIR; };
		2356DF2AEA52EC2A9A8C6B04 /* Pods_StarterWatsonConversationTests.framework */ = {isa = PBXFileReference; explicitFileType = wrapper.framework; includeInIndex = 0; path = Pods_StarterWatsonConversationTests.framework; sourceTree = BUILT_PRODUCTS_DIR; };
		40C440CD45E797A604FD27B8 /* Pods-iosapp.release.xcconfig */ = {isa = PBXFileReference; includeInIndex = 1; lastKnownFileType = text.xcconfig; name = "Pods-iosapp.release.xcconfig"; path = "Pods/Target Support Files/Pods-iosapp/Pods-iosapp.release.xcconfig"; sourceTree = "<group>"; };
		555C91A81D0F0731003E84E3 /* iosapp.app */ = {isa = PBXFileReference; explicitFileType = wrapper.application; includeInIndex = 0; path = iosapp.app; sourceTree = BUILT_PRODUCTS_DIR; };
		555C91AB1D0F0731003E84E3 /* AppDelegate.swift */ = {isa = PBXFileReference; lastKnownFileType = sourcecode.swift; path = AppDelegate.swift; sourceTree = "<group>"; };
		555C91AD1D0F0731003E84E3 /* ViewController.swift */ = {isa = PBXFileReference; lastKnownFileType = sourcecode.swift; path = ViewController.swift; sourceTree = "<group>"; };
		555C91B01D0F0731003E84E3 /* Base */ = {isa = PBXFileReference; lastKnownFileType = file.storyboard; name = Base; path = Base.lproj/Main.storyboard; sourceTree = "<group>"; };
		555C91B21D0F0731003E84E3 /* Assets.xcassets */ = {isa = PBXFileReference; lastKnownFileType = folder.assetcatalog; path = Assets.xcassets; sourceTree = "<group>"; };
		555C91B71D0F0731003E84E3 /* Info.plist */ = {isa = PBXFileReference; lastKnownFileType = text.plist.xml; path = Info.plist; sourceTree = "<group>"; };
		555C91BC1D0F0731003E84E3 /* iosappTests.xctest */ = {isa = PBXFileReference; explicitFileType = wrapper.cfbundle; includeInIndex = 0; path = iosappTests.xctest; sourceTree = BUILT_PRODUCTS_DIR; };
		555C91C01D0F0731003E84E3 /* iosappTests.swift */ = {isa = PBXFileReference; lastKnownFileType = sourcecode.swift; path = iosappTests.swift; sourceTree = "<group>"; };
		555C91C21D0F0731003E84E3 /* Info.plist */ = {isa = PBXFileReference; lastKnownFileType = text.plist.xml; path = Info.plist; sourceTree = "<group>"; };
		555C91C71D0F0731003E84E3 /* iosappUITests.xctest */ = {isa = PBXFileReference; explicitFileType = wrapper.cfbundle; includeInIndex = 0; path = iosappUITests.xctest; sourceTree = BUILT_PRODUCTS_DIR; };
		555C91CB1D0F0731003E84E3 /* iosappUITests.swift */ = {isa = PBXFileReference; lastKnownFileType = sourcecode.swift; path = iosappUITests.swift; sourceTree = "<group>"; };
		555C91CD1D0F0731003E84E3 /* Info.plist */ = {isa = PBXFileReference; lastKnownFileType = text.plist.xml; path = Info.plist; sourceTree = "<group>"; };
		564762CF35AE1CFB6DF240BC /* Pods_iosappUITests.framework */ = {isa = PBXFileReference; explicitFileType = wrapper.framework; includeInIndex = 0; path = Pods_iosappUITests.framework; sourceTree = BUILT_PRODUCTS_DIR; };
		5803AD90205CBE3C00CD3162 /* Default-568h@2x.png */ = {isa = PBXFileReference; lastKnownFileType = image.png; path = "Default-568h@2x.png"; sourceTree = "<group>"; };
		5877770B1FF8402B00387021 /* car_training.json */ = {isa = PBXFileReference; fileEncoding = 4; lastKnownFileType = text.json; path = car_training.json; sourceTree = "<group>"; };
		587777151FF8759400387021 /* AssistantMessages.swift */ = {isa = PBXFileReference; fileEncoding = 4; lastKnownFileType = sourcecode.swift; path = AssistantMessages.swift; sourceTree = "<group>"; };
		64C328CA7DE32720C77B0EBE /* Pods-StarterWatsonConversationTests.release.xcconfig */ = {isa = PBXFileReference; includeInIndex = 1; lastKnownFileType = text.xcconfig; name = "Pods-StarterWatsonConversationTests.release.xcconfig"; path = "Pods/Target Support Files/Pods-StarterWatsonConversationTests/Pods-StarterWatsonConversationTests.release.xcconfig"; sourceTree = "<group>"; };
		7B7706B3C7326C807BABCB5A /* Pods-iosappTests.debug.xcconfig */ = {isa = PBXFileReference; includeInIndex = 1; lastKnownFileType = text.xcconfig; name = "Pods-iosappTests.debug.xcconfig"; path = "Pods/Target Support Files/Pods-iosappTests/Pods-iosappTests.debug.xcconfig"; sourceTree = "<group>"; };
		89E25BCDA6C035CF3271888F /* Pods_iosapp.framework */ = {isa = PBXFileReference; explicitFileType = wrapper.framework; includeInIndex = 0; path = Pods_iosapp.framework; sourceTree = BUILT_PRODUCTS_DIR; };
		8C5E72ACFA90549DFA5528EB /* Pods-StarterWatsonConversation.release.xcconfig */ = {isa = PBXFileReference; includeInIndex = 1; lastKnownFileType = text.xcconfig; name = "Pods-StarterWatsonConversation.release.xcconfig"; path = "Pods/Target Support Files/Pods-StarterWatsonConversation/Pods-StarterWatsonConversation.release.xcconfig"; sourceTree = "<group>"; };
		906827E5B21E5719286E9DB1 /* Pods_StarterWatsonConversationUITests.framework */ = {isa = PBXFileReference; explicitFileType = wrapper.framework; includeInIndex = 0; path = Pods_StarterWatsonConversationUITests.framework; sourceTree = BUILT_PRODUCTS_DIR; };
		9707D44DA3A698E5C2FA56D5 /* Pods-iosappUITests.release.xcconfig */ = {isa = PBXFileReference; includeInIndex = 1; lastKnownFileType = text.xcconfig; name = "Pods-iosappUITests.release.xcconfig"; path = "Pods/Target Support Files/Pods-iosappUITests/Pods-iosappUITests.release.xcconfig"; sourceTree = "<group>"; };
		A7C7331B4CAD8B9956414854 /* Pods-StarterWatsonConversation.debug.xcconfig */ = {isa = PBXFileReference; includeInIndex = 1; lastKnownFileType = text.xcconfig; name = "Pods-StarterWatsonConversation.debug.xcconfig"; path = "Pods/Target Support Files/Pods-StarterWatsonConversation/Pods-StarterWatsonConversation.debug.xcconfig"; sourceTree = "<group>"; };
		BB4E67865CDD18C0A341FEFE /* Pods-iosappTests.release.xcconfig */ = {isa = PBXFileReference; includeInIndex = 1; lastKnownFileType = text.xcconfig; name = "Pods-iosappTests.release.xcconfig"; path = "Pods/Target Support Files/Pods-iosappTests/Pods-iosappTests.release.xcconfig"; sourceTree = "<group>"; };
		BF73245EA5A55B928020E94B /* Pods-StarterWatsonConversationUITests.release.xcconfig */ = {isa = PBXFileReference; includeInIndex = 1; lastKnownFileType = text.xcconfig; name = "Pods-StarterWatsonConversationUITests.release.xcconfig"; path = "Pods/Target Support Files/Pods-StarterWatsonConversationUITests/Pods-StarterWatsonConversationUITests.release.xcconfig"; sourceTree = "<group>"; };
		BFD5E760BB764E95BD095FBF /* BMSCredentials.plist */ = {isa = PBXFileReference; fileEncoding = 4; lastKnownFileType = text.plist.xml; name = BMSCredentials.plist; path = BMSCredentials.plist; sourceTree = "<group>"; };
		C4A3027B4A500CADC2236A43 /* Pods-iosappUITests.debug.xcconfig */ = {isa = PBXFileReference; includeInIndex = 1; lastKnownFileType = text.xcconfig; name = "Pods-iosappUITests.debug.xcconfig"; path = "Pods/Target Support Files/Pods-iosappUITests/Pods-iosappUITests.debug.xcconfig"; sourceTree = "<group>"; };
		C588E03443573F2DDF2BE953 /* Pods_MySampleApp.framework */ = {isa = PBXFileReference; explicitFileType = wrapper.framework; includeInIndex = 0; path = Pods_MySampleApp.framework; sourceTree = BUILT_PRODUCTS_DIR; };
		C5F2362AFA834C538C87F504 /* Pods-iosapp.debug.xcconfig */ = {isa = PBXFileReference; includeInIndex = 1; lastKnownFileType = text.xcconfig; name = "Pods-iosapp.debug.xcconfig"; path = "Pods/Target Support Files/Pods-iosapp/Pods-iosapp.debug.xcconfig"; sourceTree = "<group>"; };
		D2B373158808AA846CD105B0 /* Pods-StarterWatsonConversationUITests.debug.xcconfig */ = {isa = PBXFileReference; includeInIndex = 1; lastKnownFileType = text.xcconfig; name = "Pods-StarterWatsonConversationUITests.debug.xcconfig"; path = "Pods/Target Support Files/Pods-StarterWatsonConversationUITests/Pods-StarterWatsonConversationUITests.debug.xcconfig"; sourceTree = "<group>"; };
		E2245D77536DEA72D17C06CA /* Pods-StarterWatsonConversationTests.debug.xcconfig */ = {isa = PBXFileReference; includeInIndex = 1; lastKnownFileType = text.xcconfig; name = "Pods-StarterWatsonConversationTests.debug.xcconfig"; path = "Pods/Target Support Files/Pods-StarterWatsonConversationTests/Pods-StarterWatsonConversationTests.debug.xcconfig"; sourceTree = "<group>"; };
		E3D862A0202B8ECC00B34DE6 /* AssistantError.swift */ = {isa = PBXFileReference; lastKnownFileType = sourcecode.swift; path = AssistantError.swift; sourceTree = "<group>"; };
		E544B14066F29C9013C2DBC8 /* Pods_MySampleAppTests.framework */ = {isa = PBXFileReference; explicitFileType = wrapper.framework; includeInIndex = 0; path = Pods_MySampleAppTests.framework; sourceTree = BUILT_PRODUCTS_DIR; };
/* End PBXFileReference section */

/* Begin PBXFrameworksBuildPhase section */
		555C91A51D0F0731003E84E3 /* Frameworks */ = {
			isa = PBXFrameworksBuildPhase;
			buildActionMask = 2147483647;
			files = (
				55EE197E81F94F406AEA62A6 /* Pods_iosapp.framework in Frameworks */,
			);
			runOnlyForDeploymentPostprocessing = 0;
		};
		555C91B91D0F0731003E84E3 /* Frameworks */ = {
			isa = PBXFrameworksBuildPhase;
			buildActionMask = 2147483647;
			files = (
				241CD224886EDAA788E399D6 /* Pods_iosappTests.framework in Frameworks */,
			);
			runOnlyForDeploymentPostprocessing = 0;
		};
		555C91C41D0F0731003E84E3 /* Frameworks */ = {
			isa = PBXFrameworksBuildPhase;
			buildActionMask = 2147483647;
			files = (
				07F03D57C6B14F92D50DBFDC /* Pods_iosappUITests.framework in Frameworks */,
			);
			runOnlyForDeploymentPostprocessing = 0;
		};
/* End PBXFrameworksBuildPhase section */

/* Begin PBXGroup section */
		545C9DD4D3D79A706E9BC9CE /* Frameworks */ = {
			isa = PBXGroup;
			children = (
				C588E03443573F2DDF2BE953 /* Pods_MySampleApp.framework */,
				E544B14066F29C9013C2DBC8 /* Pods_MySampleAppTests.framework */,
				18FB6B94BD7F5CF6B965945C /* Pods_MySampleAppUITests.framework */,
				1065AE6E382035A3AFC4529C /* Pods_StarterWatsonConversation.framework */,
				2356DF2AEA52EC2A9A8C6B04 /* Pods_StarterWatsonConversationTests.framework */,
				906827E5B21E5719286E9DB1 /* Pods_StarterWatsonConversationUITests.framework */,
				89E25BCDA6C035CF3271888F /* Pods_iosapp.framework */,
				1408AF5BA38870C07E899EEC /* Pods_iosappTests.framework */,
				564762CF35AE1CFB6DF240BC /* Pods_iosappUITests.framework */,
			);
			name = Frameworks;
			sourceTree = "<group>";
		};
		555C919F1D0F0731003E84E3 = {
			isa = PBXGroup;
			children = (
				5803AD90205CBE3C00CD3162 /* Default-568h@2x.png */,
				555C91AA1D0F0731003E84E3 /* iosapp */,
				555C91BF1D0F0731003E84E3 /* iosappTests */,
				555C91CA1D0F0731003E84E3 /* iosappUITests */,
				555C91A91D0F0731003E84E3 /* Products */,
				A4160B77D037FA5B9F790955 /* Pods */,
				545C9DD4D3D79A706E9BC9CE /* Frameworks */,
			);
			sourceTree = "<group>";
		};
		555C91A91D0F0731003E84E3 /* Products */ = {
			isa = PBXGroup;
			children = (
				555C91A81D0F0731003E84E3 /* iosapp.app */,
				555C91BC1D0F0731003E84E3 /* iosappTests.xctest */,
				555C91C71D0F0731003E84E3 /* iosappUITests.xctest */,
			);
			name = Products;
			sourceTree = "<group>";
		};
		555C91AA1D0F0731003E84E3 /* iosapp */ = {
			isa = PBXGroup;
			children = (
				BFD5E760BB764E95BD095FBF /* BMSCredentials.plist */,
				5877770A1FF8402B00387021 /* training */,
				555C91AB1D0F0731003E84E3 /* AppDelegate.swift */,
				555C91B71D0F0731003E84E3 /* Info.plist */,
				555C91AD1D0F0731003E84E3 /* ViewController.swift */,
				587777151FF8759400387021 /* AssistantMessages.swift */,
				555C91AF1D0F0731003E84E3 /* Main.storyboard */,
				555C91B21D0F0731003E84E3 /* Assets.xcassets */,
				E3D862A0202B8ECC00B34DE6 /* AssistantError.swift */,
			);
			path = iosapp;
			sourceTree = "<group>";
		};
		555C91BF1D0F0731003E84E3 /* iosappTests */ = {
			isa = PBXGroup;
			children = (
				555C91C01D0F0731003E84E3 /* iosappTests.swift */,
				555C91C21D0F0731003E84E3 /* Info.plist */,
			);
			path = iosappTests;
			sourceTree = "<group>";
		};
		555C91CA1D0F0731003E84E3 /* iosappUITests */ = {
			isa = PBXGroup;
			children = (
				555C91CB1D0F0731003E84E3 /* iosappUITests.swift */,
				555C91CD1D0F0731003E84E3 /* Info.plist */,
			);
			path = iosappUITests;
			sourceTree = "<group>";
		};
		5877770A1FF8402B00387021 /* training */ = {
			isa = PBXGroup;
			children = (
				5877770B1FF8402B00387021 /* car_training.json */,
			);
			path = training;
			sourceTree = "<group>";
		};
		A4160B77D037FA5B9F790955 /* Pods */ = {
			isa = PBXGroup;
			children = (
				A7C7331B4CAD8B9956414854 /* Pods-StarterWatsonConversation.debug.xcconfig */,
				8C5E72ACFA90549DFA5528EB /* Pods-StarterWatsonConversation.release.xcconfig */,
				E2245D77536DEA72D17C06CA /* Pods-StarterWatsonConversationTests.debug.xcconfig */,
				64C328CA7DE32720C77B0EBE /* Pods-StarterWatsonConversationTests.release.xcconfig */,
				D2B373158808AA846CD105B0 /* Pods-StarterWatsonConversationUITests.debug.xcconfig */,
				BF73245EA5A55B928020E94B /* Pods-StarterWatsonConversationUITests.release.xcconfig */,
				C5F2362AFA834C538C87F504 /* Pods-iosapp.debug.xcconfig */,
				40C440CD45E797A604FD27B8 /* Pods-iosapp.release.xcconfig */,
				7B7706B3C7326C807BABCB5A /* Pods-iosappTests.debug.xcconfig */,
				BB4E67865CDD18C0A341FEFE /* Pods-iosappTests.release.xcconfig */,
				C4A3027B4A500CADC2236A43 /* Pods-iosappUITests.debug.xcconfig */,
				9707D44DA3A698E5C2FA56D5 /* Pods-iosappUITests.release.xcconfig */,
			);
			name = Pods;
			sourceTree = "<group>";
		};
/* End PBXGroup section */

/* Begin PBXNativeTarget section */
		555C91A71D0F0731003E84E3 /* iosapp */ = {
			isa = PBXNativeTarget;
			buildConfigurationList = 555C91D01D0F0731003E84E3 /* Build configuration list for PBXNativeTarget "iosapp" */;
			buildPhases = (
				E48551C04942F6AAA79A91F5 /* [CP] Check Pods Manifest.lock */,
				555C91A41D0F0731003E84E3 /* Sources */,
				555C91A51D0F0731003E84E3 /* Frameworks */,
				555C91A61D0F0731003E84E3 /* Resources */,
				7A8D7333F6565346A25DF969 /* [CP] Embed Pods Frameworks */,
				58327F27205CC1EF0024465B /* Embed Frameworks */,
			);
			buildRules = (
			);
			dependencies = (
			);
			name = iosapp;
			productName = MySampleApp;
			productReference = 555C91A81D0F0731003E84E3 /* iosapp.app */;
			productType = "com.apple.product-type.application";
		};
		555C91BB1D0F0731003E84E3 /* iosappTests */ = {
			isa = PBXNativeTarget;
			buildConfigurationList = 555C91D31D0F0731003E84E3 /* Build configuration list for PBXNativeTarget "iosappTests" */;
			buildPhases = (
				A9F8F9D069C5977EF9956A05 /* [CP] Check Pods Manifest.lock */,
				555C91B81D0F0731003E84E3 /* Sources */,
				555C91B91D0F0731003E84E3 /* Frameworks */,
				555C91BA1D0F0731003E84E3 /* Resources */,
			);
			buildRules = (
			);
			dependencies = (
				555C91BE1D0F0731003E84E3 /* PBXTargetDependency */,
			);
			name = iosappTests;
			productName = MySampleAppTests;
			productReference = 555C91BC1D0F0731003E84E3 /* iosappTests.xctest */;
			productType = "com.apple.product-type.bundle.unit-test";
		};
		555C91C61D0F0731003E84E3 /* iosappUITests */ = {
			isa = PBXNativeTarget;
			buildConfigurationList = 555C91D61D0F0731003E84E3 /* Build configuration list for PBXNativeTarget "iosappUITests" */;
			buildPhases = (
				2AE1C0064C94D16713FCF8D0 /* [CP] Check Pods Manifest.lock */,
				555C91C31D0F0731003E84E3 /* Sources */,
				555C91C41D0F0731003E84E3 /* Frameworks */,
				555C91C51D0F0731003E84E3 /* Resources */,
			);
			buildRules = (
			);
			dependencies = (
				555C91C91D0F0731003E84E3 /* PBXTargetDependency */,
			);
			name = iosappUITests;
			productName = MySampleAppUITests;
			productReference = 555C91C71D0F0731003E84E3 /* iosappUITests.xctest */;
			productType = "com.apple.product-type.bundle.ui-testing";
		};
/* End PBXNativeTarget section */

/* Begin PBXProject section */
		555C91A01D0F0731003E84E3 /* Project object */ = {
			isa = PBXProject;
			attributes = {
				LastSwiftUpdateCheck = 0730;
				LastUpgradeCheck = 0920;
				ORGANIZATIONNAME = IBM;
				TargetAttributes = {
					555C91A71D0F0731003E84E3 = {
						CreatedOnToolsVersion = 7.3.1;
						LastSwiftMigration = 0800;
					};
					555C91BB1D0F0731003E84E3 = {
						CreatedOnToolsVersion = 7.3.1;
						LastSwiftMigration = 0800;
					};
					555C91C61D0F0731003E84E3 = {
						CreatedOnToolsVersion = 7.3.1;
						LastSwiftMigration = 0800;
						TestTargetID = 555C91A71D0F0731003E84E3;
					};
				};
			};
			buildConfigurationList = 555C91A31D0F0731003E84E3 /* Build configuration list for PBXProject "iosapp" */;
			compatibilityVersion = "Xcode 3.2";
			developmentRegion = English;
			hasScannedForEncodings = 0;
			knownRegions = (
				en,
				Base,
			);
			mainGroup = 555C919F1D0F0731003E84E3;
			productRefGroup = 555C91A91D0F0731003E84E3 /* Products */;
			projectDirPath = "";
			projectRoot = "";
			targets = (
				555C91A71D0F0731003E84E3 /* iosapp */,
				555C91BB1D0F0731003E84E3 /* iosappTests */,
				555C91C61D0F0731003E84E3 /* iosappUITests */,
			);
		};
/* End PBXProject section */

/* Begin PBXResourcesBuildPhase section */
		555C91A61D0F0731003E84E3 /* Resources */ = {
			isa = PBXResourcesBuildPhase;
			buildActionMask = 2147483647;
			files = (
				B5F2AA72EEE14CE9ABF399D7 /* BMSCredentials.plist in Resources */,
				555C91B31D0F0731003E84E3 /* Assets.xcassets in Resources */,
				5803AD91205CBE3C00CD3162 /* Default-568h@2x.png in Resources */,
				555C91B11D0F0731003E84E3 /* Main.storyboard in Resources */,
				5877770D1FF8402B00387021 /* car_training.json in Resources */,
			);
			runOnlyForDeploymentPostprocessing = 0;
		};
		555C91BA1D0F0731003E84E3 /* Resources */ = {
			isa = PBXResourcesBuildPhase;
			buildActionMask = 2147483647;
			files = (
			);
			runOnlyForDeploymentPostprocessing = 0;
		};
		555C91C51D0F0731003E84E3 /* Resources */ = {
			isa = PBXResourcesBuildPhase;
			buildActionMask = 2147483647;
			files = (
			);
			runOnlyForDeploymentPostprocessing = 0;
		};
/* End PBXResourcesBuildPhase section */

/* Begin PBXShellScriptBuildPhase section */
		2AE1C0064C94D16713FCF8D0 /* [CP] Check Pods Manifest.lock */ = {
			isa = PBXShellScriptBuildPhase;
			buildActionMask = 2147483647;
			files = (
			);
			inputPaths = (
				"${PODS_PODFILE_DIR_PATH}/Podfile.lock",
				"${PODS_ROOT}/Manifest.lock",
			);
			name = "[CP] Check Pods Manifest.lock";
			outputPaths = (
				"$(DERIVED_FILE_DIR)/Pods-iosappUITests-checkManifestLockResult.txt",
			);
			runOnlyForDeploymentPostprocessing = 0;
			shellPath = /bin/sh;
			shellScript = "diff \"${PODS_PODFILE_DIR_PATH}/Podfile.lock\" \"${PODS_ROOT}/Manifest.lock\" > /dev/null\nif [ $? != 0 ] ; then\n    # print error to STDERR\n    echo \"error: The sandbox is not in sync with the Podfile.lock. Run 'pod install' or update your CocoaPods installation.\" >&2\n    exit 1\nfi\n# This output is used by Xcode 'outputs' to avoid re-running this script phase.\necho \"SUCCESS\" > \"${SCRIPT_OUTPUT_FILE_0}\"\n";
			showEnvVarsInLog = 0;
		};
		7A8D7333F6565346A25DF969 /* [CP] Embed Pods Frameworks */ = {
			isa = PBXShellScriptBuildPhase;
			buildActionMask = 2147483647;
			files = (
			);
			inputPaths = (
				"${PODS_ROOT}/Target Support Files/Pods-iosapp/Pods-iosapp-frameworks.sh",
				"${BUILT_PRODUCTS_DIR}/BMSAnalyticsAPI/BMSAnalyticsAPI.framework",
				"${BUILT_PRODUCTS_DIR}/BMSCore/BMSCore.framework",
				"${BUILT_PRODUCTS_DIR}/IBMWatsonAssistantV1/Assistant.framework",
				"${BUILT_PRODUCTS_DIR}/IBMWatsonRestKit/RestKit.framework",
				"${BUILT_PRODUCTS_DIR}/MessageKit/MessageKit.framework",
				"${BUILT_PRODUCTS_DIR}/NVActivityIndicatorView/NVActivityIndicatorView.framework",
			);
			name = "[CP] Embed Pods Frameworks";
			outputPaths = (
				"${TARGET_BUILD_DIR}/${FRAMEWORKS_FOLDER_PATH}/BMSAnalyticsAPI.framework",
				"${TARGET_BUILD_DIR}/${FRAMEWORKS_FOLDER_PATH}/BMSCore.framework",
				"${TARGET_BUILD_DIR}/${FRAMEWORKS_FOLDER_PATH}/Assistant.framework",
				"${TARGET_BUILD_DIR}/${FRAMEWORKS_FOLDER_PATH}/RestKit.framework",
				"${TARGET_BUILD_DIR}/${FRAMEWORKS_FOLDER_PATH}/MessageKit.framework",
				"${TARGET_BUILD_DIR}/${FRAMEWORKS_FOLDER_PATH}/NVActivityIndicatorView.framework",
			);
			runOnlyForDeploymentPostprocessing = 0;
			shellPath = /bin/sh;
			shellScript = "\"${PODS_ROOT}/Target Support Files/Pods-iosapp/Pods-iosapp-frameworks.sh\"\n";
			showEnvVarsInLog = 0;
		};
		A9F8F9D069C5977EF9956A05 /* [CP] Check Pods Manifest.lock */ = {
			isa = PBXShellScriptBuildPhase;
			buildActionMask = 2147483647;
			files = (
			);
			inputPaths = (
				"${PODS_PODFILE_DIR_PATH}/Podfile.lock",
				"${PODS_ROOT}/Manifest.lock",
			);
			name = "[CP] Check Pods Manifest.lock";
			outputPaths = (
				"$(DERIVED_FILE_DIR)/Pods-iosappTests-checkManifestLockResult.txt",
			);
			runOnlyForDeploymentPostprocessing = 0;
			shellPath = /bin/sh;
			shellScript = "diff \"${PODS_PODFILE_DIR_PATH}/Podfile.lock\" \"${PODS_ROOT}/Manifest.lock\" > /dev/null\nif [ $? != 0 ] ; then\n    # print error to STDERR\n    echo \"error: The sandbox is not in sync with the Podfile.lock. Run 'pod install' or update your CocoaPods installation.\" >&2\n    exit 1\nfi\n# This output is used by Xcode 'outputs' to avoid re-running this script phase.\necho \"SUCCESS\" > \"${SCRIPT_OUTPUT_FILE_0}\"\n";
			showEnvVarsInLog = 0;
		};
		E48551C04942F6AAA79A91F5 /* [CP] Check Pods Manifest.lock */ = {
			isa = PBXShellScriptBuildPhase;
			buildActionMask = 2147483647;
			files = (
			);
			inputPaths = (
				"${PODS_PODFILE_DIR_PATH}/Podfile.lock",
				"${PODS_ROOT}/Manifest.lock",
			);
			name = "[CP] Check Pods Manifest.lock";
			outputPaths = (
				"$(DERIVED_FILE_DIR)/Pods-iosapp-checkManifestLockResult.txt",
			);
			runOnlyForDeploymentPostprocessing = 0;
			shellPath = /bin/sh;
			shellScript = "diff \"${PODS_PODFILE_DIR_PATH}/Podfile.lock\" \"${PODS_ROOT}/Manifest.lock\" > /dev/null\nif [ $? != 0 ] ; then\n    # print error to STDERR\n    echo \"error: The sandbox is not in sync with the Podfile.lock. Run 'pod install' or update your CocoaPods installation.\" >&2\n    exit 1\nfi\n# This output is used by Xcode 'outputs' to avoid re-running this script phase.\necho \"SUCCESS\" > \"${SCRIPT_OUTPUT_FILE_0}\"\n";
			showEnvVarsInLog = 0;
		};
/* End PBXShellScriptBuildPhase section */

/* Begin PBXSourcesBuildPhase section */
		555C91A41D0F0731003E84E3 /* Sources */ = {
			isa = PBXSourcesBuildPhase;
			buildActionMask = 2147483647;
			files = (
				E3D862A1202B8ECC00B34DE6 /* AssistantError.swift in Sources */,
				555C91AE1D0F0731003E84E3 /* ViewController.swift in Sources */,
				555C91AC1D0F0731003E84E3 /* AppDelegate.swift in Sources */,
				587777161FF8759500387021 /* AssistantMessages.swift in Sources */,
			);
			runOnlyForDeploymentPostprocessing = 0;
		};
		555C91B81D0F0731003E84E3 /* Sources */ = {
			isa = PBXSourcesBuildPhase;
			buildActionMask = 2147483647;
			files = (
				555C91C11D0F0731003E84E3 /* iosappTests.swift in Sources */,
			);
			runOnlyForDeploymentPostprocessing = 0;
		};
		555C91C31D0F0731003E84E3 /* Sources */ = {
			isa = PBXSourcesBuildPhase;
			buildActionMask = 2147483647;
			files = (
				555C91CC1D0F0731003E84E3 /* iosappUITests.swift in Sources */,
			);
			runOnlyForDeploymentPostprocessing = 0;
		};
/* End PBXSourcesBuildPhase section */

/* Begin PBXTargetDependency section */
		555C91BE1D0F0731003E84E3 /* PBXTargetDependency */ = {
			isa = PBXTargetDependency;
			target = 555C91A71D0F0731003E84E3 /* iosapp */;
			targetProxy = 555C91BD1D0F0731003E84E3 /* PBXContainerItemProxy */;
		};
		555C91C91D0F0731003E84E3 /* PBXTargetDependency */ = {
			isa = PBXTargetDependency;
			target = 555C91A71D0F0731003E84E3 /* iosapp */;
			targetProxy = 555C91C81D0F0731003E84E3 /* PBXContainerItemProxy */;
		};
/* End PBXTargetDependency section */

/* Begin PBXVariantGroup section */
		555C91AF1D0F0731003E84E3 /* Main.storyboard */ = {
			isa = PBXVariantGroup;
			children = (
				555C91B01D0F0731003E84E3 /* Base */,
			);
			name = Main.storyboard;
			sourceTree = "<group>";
		};
/* End PBXVariantGroup section */

/* Begin XCBuildConfiguration section */
		555C91CE1D0F0731003E84E3 /* Debug */ = {
			isa = XCBuildConfiguration;
			buildSettings = {
				ALWAYS_SEARCH_USER_PATHS = NO;
				CLANG_ANALYZER_NONNULL = YES;
				CLANG_CXX_LANGUAGE_STANDARD = "gnu++0x";
				CLANG_CXX_LIBRARY = "libc++";
				CLANG_ENABLE_MODULES = YES;
				CLANG_ENABLE_OBJC_ARC = YES;
				CLANG_WARN_BLOCK_CAPTURE_AUTORELEASING = YES;
				CLANG_WARN_BOOL_CONVERSION = YES;
				CLANG_WARN_COMMA = YES;
				CLANG_WARN_CONSTANT_CONVERSION = YES;
				CLANG_WARN_DIRECT_OBJC_ISA_USAGE = YES_ERROR;
				CLANG_WARN_EMPTY_BODY = YES;
				CLANG_WARN_ENUM_CONVERSION = YES;
				CLANG_WARN_INFINITE_RECURSION = YES;
				CLANG_WARN_INT_CONVERSION = YES;
				CLANG_WARN_NON_LITERAL_NULL_CONVERSION = YES;
				CLANG_WARN_OBJC_LITERAL_CONVERSION = YES;
				CLANG_WARN_OBJC_ROOT_CLASS = YES_ERROR;
				CLANG_WARN_RANGE_LOOP_ANALYSIS = YES;
				CLANG_WARN_STRICT_PROTOTYPES = YES;
				CLANG_WARN_SUSPICIOUS_MOVE = YES;
				CLANG_WARN_UNREACHABLE_CODE = YES;
				CLANG_WARN__DUPLICATE_METHOD_MATCH = YES;
				"CODE_SIGN_IDENTITY[sdk=iphoneos*]" = "iPhone Developer";
				COPY_PHASE_STRIP = NO;
				DEBUG_INFORMATION_FORMAT = dwarf;
				ENABLE_STRICT_OBJC_MSGSEND = YES;
				ENABLE_TESTABILITY = YES;
				GCC_C_LANGUAGE_STANDARD = gnu99;
				GCC_DYNAMIC_NO_PIC = NO;
				GCC_NO_COMMON_BLOCKS = YES;
				GCC_OPTIMIZATION_LEVEL = 0;
				GCC_PREPROCESSOR_DEFINITIONS = (
					"DEBUG=1",
					"$(inherited)",
				);
				GCC_WARN_64_TO_32_BIT_CONVERSION = YES;
				GCC_WARN_ABOUT_RETURN_TYPE = YES_ERROR;
				GCC_WARN_UNDECLARED_SELECTOR = YES;
				GCC_WARN_UNINITIALIZED_AUTOS = YES_AGGRESSIVE;
				GCC_WARN_UNUSED_FUNCTION = YES;
				GCC_WARN_UNUSED_VARIABLE = YES;
				IPHONEOS_DEPLOYMENT_TARGET = 11.2;
				MTL_ENABLE_DEBUG_INFO = YES;
				ONLY_ACTIVE_ARCH = YES;
				SDKROOT = iphoneos;
				SWIFT_OPTIMIZATION_LEVEL = "-Onone";
				SWIFT_VERSION = "";
				TARGETED_DEVICE_FAMILY = "1,2";
			};
			name = Debug;
		};
		555C91CF1D0F0731003E84E3 /* Release */ = {
			isa = XCBuildConfiguration;
			buildSettings = {
				ALWAYS_SEARCH_USER_PATHS = NO;
				CLANG_ANALYZER_NONNULL = YES;
				CLANG_CXX_LANGUAGE_STANDARD = "gnu++0x";
				CLANG_CXX_LIBRARY = "libc++";
				CLANG_ENABLE_MODULES = YES;
				CLANG_ENABLE_OBJC_ARC = YES;
				CLANG_WARN_BLOCK_CAPTURE_AUTORELEASING = YES;
				CLANG_WARN_BOOL_CONVERSION = YES;
				CLANG_WARN_COMMA = YES;
				CLANG_WARN_CONSTANT_CONVERSION = YES;
				CLANG_WARN_DIRECT_OBJC_ISA_USAGE = YES_ERROR;
				CLANG_WARN_EMPTY_BODY = YES;
				CLANG_WARN_ENUM_CONVERSION = YES;
				CLANG_WARN_INFINITE_RECURSION = YES;
				CLANG_WARN_INT_CONVERSION = YES;
				CLANG_WARN_NON_LITERAL_NULL_CONVERSION = YES;
				CLANG_WARN_OBJC_LITERAL_CONVERSION = YES;
				CLANG_WARN_OBJC_ROOT_CLASS = YES_ERROR;
				CLANG_WARN_RANGE_LOOP_ANALYSIS = YES;
				CLANG_WARN_STRICT_PROTOTYPES = YES;
				CLANG_WARN_SUSPICIOUS_MOVE = YES;
				CLANG_WARN_UNREACHABLE_CODE = YES;
				CLANG_WARN__DUPLICATE_METHOD_MATCH = YES;
				"CODE_SIGN_IDENTITY[sdk=iphoneos*]" = "iPhone Developer";
				COPY_PHASE_STRIP = NO;
				DEBUG_INFORMATION_FORMAT = "dwarf-with-dsym";
				ENABLE_NS_ASSERTIONS = NO;
				ENABLE_STRICT_OBJC_MSGSEND = YES;
				GCC_C_LANGUAGE_STANDARD = gnu99;
				GCC_NO_COMMON_BLOCKS = YES;
				GCC_WARN_64_TO_32_BIT_CONVERSION = YES;
				GCC_WARN_ABOUT_RETURN_TYPE = YES_ERROR;
				GCC_WARN_UNDECLARED_SELECTOR = YES;
				GCC_WARN_UNINITIALIZED_AUTOS = YES_AGGRESSIVE;
				GCC_WARN_UNUSED_FUNCTION = YES;
				GCC_WARN_UNUSED_VARIABLE = YES;
				IPHONEOS_DEPLOYMENT_TARGET = 11.2;
				MTL_ENABLE_DEBUG_INFO = NO;
				SDKROOT = iphoneos;
				SWIFT_OPTIMIZATION_LEVEL = "-Owholemodule";
				SWIFT_VERSION = "";
				TARGETED_DEVICE_FAMILY = "1,2";
				VALIDATE_PRODUCT = YES;
			};
			name = Release;
		};
		555C91D11D0F0731003E84E3 /* Debug */ = {
			isa = XCBuildConfiguration;
			baseConfigurationReference = C5F2362AFA834C538C87F504 /* Pods-iosapp.debug.xcconfig */;
			buildSettings = {
				ASSETCATALOG_COMPILER_APPICON_NAME = AppIcon;
				FRAMEWORK_SEARCH_PATHS = (
					"$(inherited)",
					"$(PROJECT_DIR)",
				);
				INFOPLIST_FILE = "$(SRCROOT)/iosapp/Info.plist";
				IPHONEOS_DEPLOYMENT_TARGET = 10.0;
				LD_RUNPATH_SEARCH_PATHS = "$(inherited) @executable_path/Frameworks";
				PRODUCT_BUNDLE_IDENTIFIER = com.ibm.starterwatsonassistant;
				PRODUCT_NAME = "$(TARGET_NAME)";
				SWIFT_VERSION = 4.0;
			};
			name = Debug;
		};
		555C91D21D0F0731003E84E3 /* Release */ = {
			isa = XCBuildConfiguration;
			baseConfigurationReference = 40C440CD45E797A604FD27B8 /* Pods-iosapp.release.xcconfig */;
			buildSettings = {
				ASSETCATALOG_COMPILER_APPICON_NAME = AppIcon;
				FRAMEWORK_SEARCH_PATHS = (
					"$(inherited)",
					"$(PROJECT_DIR)",
				);
				INFOPLIST_FILE = "$(SRCROOT)/iosapp/Info.plist";
				IPHONEOS_DEPLOYMENT_TARGET = 10.0;
				LD_RUNPATH_SEARCH_PATHS = "$(inherited) @executable_path/Frameworks";
				PRODUCT_BUNDLE_IDENTIFIER = com.ibm.starterwatsonassistant;
				PRODUCT_NAME = "$(TARGET_NAME)";
				SWIFT_VERSION = 4.0;
			};
			name = Release;
		};
		555C91D41D0F0731003E84E3 /* Debug */ = {
			isa = XCBuildConfiguration;
			baseConfigurationReference = 7B7706B3C7326C807BABCB5A /* Pods-iosappTests.debug.xcconfig */;
			buildSettings = {
				INFOPLIST_FILE = iosappTests/Info.plist;
				LD_RUNPATH_SEARCH_PATHS = "$(inherited) @executable_path/Frameworks @loader_path/Frameworks";
				PRODUCT_BUNDLE_IDENTIFIER = com.ibm.iosappTests;
				PRODUCT_NAME = "$(TARGET_NAME)";
				SWIFT_VERSION = 4.0;
			};
			name = Debug;
		};
		555C91D51D0F0731003E84E3 /* Release */ = {
			isa = XCBuildConfiguration;
			baseConfigurationReference = BB4E67865CDD18C0A341FEFE /* Pods-iosappTests.release.xcconfig */;
			buildSettings = {
				INFOPLIST_FILE = iosappTests/Info.plist;
				LD_RUNPATH_SEARCH_PATHS = "$(inherited) @executable_path/Frameworks @loader_path/Frameworks";
				PRODUCT_BUNDLE_IDENTIFIER = com.ibm.iosappTests;
				PRODUCT_NAME = "$(TARGET_NAME)";
				SWIFT_VERSION = 4.0;
			};
			name = Release;
		};
		555C91D71D0F0731003E84E3 /* Debug */ = {
			isa = XCBuildConfiguration;
			baseConfigurationReference = C4A3027B4A500CADC2236A43 /* Pods-iosappUITests.debug.xcconfig */;
			buildSettings = {
				INFOPLIST_FILE = iosappUITests/Info.plist;
				LD_RUNPATH_SEARCH_PATHS = "$(inherited) @executable_path/Frameworks @loader_path/Frameworks";
				PRODUCT_BUNDLE_IDENTIFIER = com.ibm.iosappUITests;
				PRODUCT_NAME = "$(TARGET_NAME)";
				PROVISIONING_PROFILE = "";
				SWIFT_VERSION = 4.0;
				TEST_TARGET_NAME = iosapp;
			};
			name = Debug;
		};
		555C91D81D0F0731003E84E3 /* Release */ = {
			isa = XCBuildConfiguration;
			baseConfigurationReference = 9707D44DA3A698E5C2FA56D5 /* Pods-iosappUITests.release.xcconfig */;
			buildSettings = {
				INFOPLIST_FILE = iosappUITests/Info.plist;
				LD_RUNPATH_SEARCH_PATHS = "$(inherited) @executable_path/Frameworks @loader_path/Frameworks";
				PRODUCT_BUNDLE_IDENTIFIER = com.ibm.iosappUITests;
				PRODUCT_NAME = "$(TARGET_NAME)";
				PROVISIONING_PROFILE = "";
				SWIFT_VERSION = 4.0;
				TEST_TARGET_NAME = iosapp;
			};
			name = Release;
		};
/* End XCBuildConfiguration section */

/* Begin XCConfigurationList section */
		555C91A31D0F0731003E84E3 /* Build configuration list for PBXProject "iosapp" */ = {
			isa = XCConfigurationList;
			buildConfigurations = (
				555C91CE1D0F0731003E84E3 /* Debug */,
				555C91CF1D0F0731003E84E3 /* Release */,
			);
			defaultConfigurationIsVisible = 0;
			defaultConfigurationName = Release;
		};
		555C91D01D0F0731003E84E3 /* Build configuration list for PBXNativeTarget "iosapp" */ = {
			isa = XCConfigurationList;
			buildConfigurations = (
				555C91D11D0F0731003E84E3 /* Debug */,
				555C91D21D0F0731003E84E3 /* Release */,
			);
			defaultConfigurationIsVisible = 0;
			defaultConfigurationName = Release;
		};
		555C91D31D0F0731003E84E3 /* Build configuration list for PBXNativeTarget "iosappTests" */ = {
			isa = XCConfigurationList;
			buildConfigurations = (
				555C91D41D0F0731003E84E3 /* Debug */,
				555C91D51D0F0731003E84E3 /* Release */,
			);
			defaultConfigurationIsVisible = 0;
			defaultConfigurationName = Release;
		};
		555C91D61D0F0731003E84E3 /* Build configuration list for PBXNativeTarget "iosappUITests" */ = {
			isa = XCConfigurationList;
			buildConfigurations = (
				555C91D71D0F0731003E84E3 /* Debug */,
				555C91D81D0F0731003E84E3 /* Release */,
			);
			defaultConfigurationIsVisible = 0;
			defaultConfigurationName = Release;
		};
/* End XCConfigurationList section */
	};
	rootObject = 555C91A01D0F0731003E84E3 /* Project object */;
}
